
Microsoft Visual Studio Solution File, Format Version 12.00
# Visual Studio Version 17
VisualStudioVersion = 17.4.33205.214
MinimumVisualStudioVersion = 10.0.40219.1
Project("{9A19103F-16F7-4668-BE54-9A1E7A4F7556}") = "MAPI.NET", "MAPI.NET\MAPI.NET.csproj", "{0B18F8B5-128E-4FC6-A214-5B1B60DEC536}"
EndProject
Project("{FAE04EC0-301F-11D3-BF4B-00C04F79EFBC}") = "SpamBounce", "SpamBounce\SpamBounce.csproj", "{EAF8C33C-7C25-4AC9-931C-4D66979CC873}"
EndProject
Project("{7CF6DF6D-3B04-46F8-A40B-537D21BCA0B4}") = "MAPI.NET.Document", "MAPI.NET.Document\MAPI.NET.Document.shfbproj", "{409F7B8C-568A-4172-B88E-1A36F86520EE}"
EndProject
Global
	GlobalSection(SolutionConfigurationPlatforms) = preSolution
		Debug|Any CPU = Debug|Any CPU
		Release|Any CPU = Release|Any CPU
	EndGlobalSection
	GlobalSection(ProjectConfigurationPlatforms) = postSolution
		{0B18F8B5-128E-4FC6-A214-5B1B60DEC536}.Debug|Any CPU.ActiveCfg = Debug|Any CPU
		{0B18F8B5-128E-4FC6-A214-5B1B60DEC536}.Debug|Any CPU.Build.0 = Debug|Any CPU
		{0B18F8B5-128E-4FC6-A214-5B1B60DEC536}.Release|Any CPU.ActiveCfg = Release|Any CPU
		{0B18F8B5-128E-4FC6-A214-5B1B60DEC536}.Release|Any CPU.Build.0 = Release|Any CPU
		{EAF8C33C-7C25-4AC9-931C-4D66979CC873}.Debug|Any CPU.ActiveCfg = Debug|Any CPU
		{EAF8C33C-7C25-4AC9-931C-4D66979CC873}.Debug|Any CPU.Build.0 = Debug|Any CPU
		{EAF8C33C-7C25-4AC9-931C-4D66979CC873}.Release|Any CPU.ActiveCfg = Release|Any CPU
		{EAF8C33C-7C25-4AC9-931C-4D66979CC873}.Release|Any CPU.Build.0 = Release|Any CPU
		{409F7B8C-568A-4172-B88E-1A36F86520EE}.Debug|Any CPU.ActiveCfg = Debug|Any CPU
		{409F7B8C-568A-4172-B88E-1A36F86520EE}.Debug|Any CPU.Build.0 = Debug|Any CPU
		{409F7B8C-568A-4172-B88E-1A36F86520EE}.Release|Any CPU.ActiveCfg = Release|Any CPU
		{409F7B8C-568A-4172-B88E-1A36F86520EE}.Release|Any CPU.Build.0 = Release|Any CPU
	EndGlobalSection
	GlobalSection(SolutionProperties) = preSolution
		HideSolutionNode = FALSE
	EndGlobalSection
	GlobalSection(ExtensibilityGlobals) = postSolution
		SolutionGuid = {04A0CDD8-C97F-4852-A3B6-E1EB5AA18C08}
	EndGlobalSection
EndGlobal
