
Microsoft Visual Studio Solution File, Format Version 12.00
# Visual Studio Version 17
VisualStudioVersion = 17.4.33205.214
MinimumVisualStudioVersion = 10.0.40219.1
Project("{7CF6DF6D-3B04-46F8-A40B-537D21BCA0B4}") = "MAPI.NET.Document", "MAPI.NET.Document\MAPI.NET.Document.shfbproj", "{7BFFAE93-5094-4ADD-B6F3-BD818CCB6371}"
	ProjectSection(ProjectDependencies) = postProject
		{5098A160-0E76-4956-99F0-95283BAAF538} = {5098A160-0E76-4956-99F0-95283BAAF538}
	EndProjectSection
EndProject
Project("{9A19103F-16F7-4668-BE54-9A1E7A4F7556}") = "MAPI.NET", "..\MAPI.NET\MAPI.NET.csproj", "{5098A160-0E76-4956-99F0-95283BAAF538}"
EndProject
Global
	GlobalSection(SolutionConfigurationPlatforms) = preSolution
		Debug|Any CPU = Debug|Any CPU
		Release|Any CPU = Release|Any CPU
	EndGlobalSection
	GlobalSection(ProjectConfigurationPlatforms) = postSolution
		{7BFFAE93-5094-4ADD-B6F3-BD818CCB6371}.Debug|Any CPU.ActiveCfg = Debug|Any CPU
		{7BFFAE93-5094-4ADD-B6F3-BD818CCB6371}.Debug|Any CPU.Build.0 = Debug|Any CPU
		{7BFFAE93-5094-4ADD-B6F3-BD818CCB6371}.Release|Any CPU.ActiveCfg = Release|Any CPU
		{7BFFAE93-5094-4ADD-B6F3-BD818CCB6371}.Release|Any CPU.Build.0 = Release|Any CPU
		{5098A160-0E76-4956-99F0-95283BAAF538}.Debug|Any CPU.ActiveCfg = Debug|Any CPU
		{5098A160-0E76-4956-99F0-95283BAAF538}.Debug|Any CPU.Build.0 = Debug|Any CPU
		{5098A160-0E76-4956-99F0-95283BAAF538}.Release|Any CPU.ActiveCfg = Release|Any CPU
		{5098A160-0E76-4956-99F0-95283BAAF538}.Release|Any CPU.Build.0 = Release|Any CPU
	EndGlobalSection
	GlobalSection(SolutionProperties) = preSolution
		HideSolutionNode = FALSE
	EndGlobalSection
	GlobalSection(ExtensibilityGlobals) = postSolution
		SolutionGuid = {F9B222F8-6ECA-4F28-9DF6-A56545CC9CD4}
	EndGlobalSection
EndGlobal
